
Microsoft Visual Studio Solution File, Format Version 10.00
# Visual Studio 2008
Project("{2150E333-8FDC-42A3-9474-1A3956D46DE8}") = "Solution Items", "Solution Items", "{127BDE4C-7047-4C3C-B67C-D73ACE49950C}"
	ProjectSection(SolutionItems) = preProject
		LocalTestRun.testrunconfig = LocalTestRun.testrunconfig
		NTextSearch.vsmdi = NTextSearch.vsmdi
	EndProjectSection
EndProject
Project("{FAE04EC0-301F-11D3-BF4B-00C04F79EFBC}") = "NTextSearchLib", "NTextSearchLib\NTextSearchLib.csproj", "{D6182031-7753-4EF4-BD3E-039376C1B1B6}"
EndProject
Project("{FAE04EC0-301F-11D3-BF4B-00C04F79EFBC}") = "NTextSearchTestSuite", "NTextSearchTestSuite\NTextSearchTestSuite.csproj", "{7B7FCCC0-7724-4E04-A82A-7BD7A5589341}"
EndProject
Project("{FAE04EC0-301F-11D3-BF4B-00C04F79EFBC}") = "NTextSearchInt", "NTextSearchInt\NTextSearchInt.csproj", "{EAF232DB-45FF-4333-B446-24020F6855B7}"
EndProject
Project("{FAE04EC0-301F-11D3-BF4B-00C04F79EFBC}") = "NTextSearchTxtPlugin", "NTextSearchTxtPlugin\NTextSearchTxtPlugin.csproj", "{9AA82C90-ADA9-424D-A7E5-2D9C313879D7}"
EndProject
Global
	GlobalSection(TestCaseManagementSettings) = postSolution
		CategoryFile = NTextSearch.vsmdi
	EndGlobalSection
	GlobalSection(SolutionConfigurationPlatforms) = preSolution
		Debug|Any CPU = Debug|Any CPU
		Release|Any CPU = Release|Any CPU
	EndGlobalSection
	GlobalSection(ProjectConfigurationPlatforms) = postSolution
		{D6182031-7753-4EF4-BD3E-039376C1B1B6}.Debug|Any CPU.ActiveCfg = Debug|Any CPU
		{D6182031-7753-4EF4-BD3E-039376C1B1B6}.Debug|Any CPU.Build.0 = Debug|Any CPU
		{D6182031-7753-4EF4-BD3E-039376C1B1B6}.Release|Any CPU.ActiveCfg = Release|Any CPU
		{D6182031-7753-4EF4-BD3E-039376C1B1B6}.Release|Any CPU.Build.0 = Release|Any CPU
		{7B7FCCC0-7724-4E04-A82A-7BD7A5589341}.Debug|Any CPU.ActiveCfg = Debug|Any CPU
		{7B7FCCC0-7724-4E04-A82A-7BD7A5589341}.Debug|Any CPU.Build.0 = Debug|Any CPU
		{7B7FCCC0-7724-4E04-A82A-7BD7A5589341}.Release|Any CPU.ActiveCfg = Release|Any CPU
		{7B7FCCC0-7724-4E04-A82A-7BD7A5589341}.Release|Any CPU.Build.0 = Release|Any CPU
		{EAF232DB-45FF-4333-B446-24020F6855B7}.Debug|Any CPU.ActiveCfg = Debug|Any CPU
		{EAF232DB-45FF-4333-B446-24020F6855B7}.Debug|Any CPU.Build.0 = Debug|Any CPU
		{EAF232DB-45FF-4333-B446-24020F6855B7}.Release|Any CPU.ActiveCfg = Release|Any CPU
		{EAF232DB-45FF-4333-B446-24020F6855B7}.Release|Any CPU.Build.0 = Release|Any CPU
		{9AA82C90-ADA9-424D-A7E5-2D9C313879D7}.Debug|Any CPU.ActiveCfg = Debug|Any CPU
		{9AA82C90-ADA9-424D-A7E5-2D9C313879D7}.Debug|Any CPU.Build.0 = Debug|Any CPU
		{9AA82C90-ADA9-424D-A7E5-2D9C313879D7}.Release|Any CPU.ActiveCfg = Release|Any CPU
		{9AA82C90-ADA9-424D-A7E5-2D9C313879D7}.Release|Any CPU.Build.0 = Release|Any CPU
	EndGlobalSection
	GlobalSection(SolutionProperties) = preSolution
		HideSolutionNode = FALSE
	EndGlobalSection
EndGlobal
